
Microsoft Visual Studio Solution File, Format Version 12.00
# Visual Studio Version 16
VisualStudioVersion = 16.0.30002.166
MinimumVisualStudioVersion = 10.0.40219.1
Project("{FAE04EC0-301F-11D3-BF4B-00C04F79EFBC}") = "Cinegma.WebAPI", "webapi\Cinegma.WebAPI.csproj", "{37E3B275-9CD1-4A00-98CC-C20A01EC07EA}"
EndProject
Global
	GlobalSection(SolutionConfigurationPlatforms) = preSolution
		Debug|Any CPU = Debug|Any CPU
		Release|Any CPU = Release|Any CPU
	EndGlobalSection
	GlobalSection(ProjectConfigurationPlatforms) = postSolution
		{37E3B275-9CD1-4A00-98CC-C20A01EC07EA}.Debug|Any CPU.ActiveCfg = Debug|Any CPU
		{37E3B275-9CD1-4A00-98CC-C20A01EC07EA}.Debug|Any CPU.Build.0 = Debug|Any CPU
		{37E3B275-9CD1-4A00-98CC-C20A01EC07EA}.Release|Any CPU.ActiveCfg = Release|Any CPU
		{37E3B275-9CD1-4A00-98CC-C20A01EC07EA}.Release|Any CPU.Build.0 = Release|Any CPU
	EndGlobalSection
	GlobalSection(SolutionProperties) = preSolution
		HideSolutionNode = FALSE
	EndGlobalSection
	GlobalSection(ExtensibilityGlobals) = postSolution
		SolutionGuid = {E64C445A-59AC-4D40-9BE8-4AE6916C6F95}
	EndGlobalSection
EndGlobal
